// !$*UTF8*$!
{
	archiveVersion = 1;
	classes = {
	};
	objectVersion = 46;
	objects = {

/* Begin PBXBuildFile section */
		AE4E6E191B0B89A0001B8AF3 /* main.m in Sources */ = {isa = PBXBuildFile; fileRef = AE4E6E181B0B89A0001B8AF3 /* main.m */; };
		AE4E6E1C1B0B89A0001B8AF3 /* AppDelegate.m in Sources */ = {isa = PBXBuildFile; fileRef = AE4E6E1B1B0B89A0001B8AF3 /* AppDelegate.m */; };
		AE4E6E1F1B0B89A0001B8AF3 /* ViewController.m in Sources */ = {isa = PBXBuildFile; fileRef = AE4E6E1E1B0B89A0001B8AF3 /* ViewController.m */; };
		AE4E6E221B0B89A0001B8AF3 /* Main.storyboard in Resources */ = {isa = PBXBuildFile; fileRef = AE4E6E201B0B89A0001B8AF3 /* Main.storyboard */; };
		AE4E6E241B0B89A0001B8AF3 /* Images.xcassets in Resources */ = {isa = PBXBuildFile; fileRef = AE4E6E231B0B89A0001B8AF3 /* Images.xcassets */; };
		AE4E6E271B0B89A0001B8AF3 /* LaunchScreen.xib in Resources */ = {isa = PBXBuildFile; fileRef = AE4E6E251B0B89A0001B8AF3 /* LaunchScreen.xib */; };
		AE4E6E331B0B89A0001B8AF3 /* Project_XTests.m in Sources */ = {isa = PBXBuildFile; fileRef = AE4E6E321B0B89A0001B8AF3 /* Project_XTests.m */; };
		AE4E6E3E1B0B8BB6001B8AF3 /* UIViewPlus.m in Sources */ = {isa = PBXBuildFile; fileRef = AE4E6E3D1B0B8BB6001B8AF3 /* UIViewPlus.m */; };
/* End PBXBuildFile section */

/* Begin PBXContainerItemProxy section */
		AE4E6E2D1B0B89A0001B8AF3 /* PBXContainerItemProxy */ = {
			isa = PBXContainerItemProxy;
			containerPortal = AE4E6E0B1B0B89A0001B8AF3 /* Project object */;
			proxyType = 1;
			remoteGlobalIDString = AE4E6E121B0B89A0001B8AF3;
			remoteInfo = "Project X";
		};
/* End PBXContainerItemProxy section */

/* Begin PBXFileReference section */
		AE4E6E131B0B89A0001B8AF3 /* Project X.app */ = {isa = PBXFileReference; explicitFileType = wrapper.application; includeInIndex = 0; path = "Project X.app"; sourceTree = BUILT_PRODUCTS_DIR; };
		AE4E6E171B0B89A0001B8AF3 /* Info.plist */ = {isa = PBXFileReference; lastKnownFileType = text.plist.xml; path = Info.plist; sourceTree = "<group>"; };
		AE4E6E181B0B89A0001B8AF3 /* main.m */ = {isa = PBXFileReference; lastKnownFileType = sourcecode.c.objc; path = main.m; sourceTree = "<group>"; };
		AE4E6E1A1B0B89A0001B8AF3 /* AppDelegate.h */ = {isa = PBXFileReference; lastKnownFileType = sourcecode.c.h; path = AppDelegate.h; sourceTree = "<group>"; };
		AE4E6E1B1B0B89A0001B8AF3 /* AppDelegate.m */ = {isa = PBXFileReference; lastKnownFileType = sourcecode.c.objc; path = AppDelegate.m; sourceTree = "<group>"; };
		AE4E6E1D1B0B89A0001B8AF3 /* ViewController.h */ = {isa = PBXFileReference; lastKnownFileType = sourcecode.c.h; path = ViewController.h; sourceTree = "<group>"; };
		AE4E6E1E1B0B89A0001B8AF3 /* ViewController.m */ = {isa = PBXFileReference; lastKnownFileType = sourcecode.c.objc; path = ViewController.m; sourceTree = "<group>"; };
		AE4E6E211B0B89A0001B8AF3 /* Base */ = {isa = PBXFileReference; lastKnownFileType = file.storyboard; name = Base; path = Base.lproj/Main.storyboard; sourceTree = "<group>"; };
		AE4E6E231B0B89A0001B8AF3 /* Images.xcassets */ = {isa = PBXFileReference; lastKnownFileType = folder.assetcatalog; path = Images.xcassets; sourceTree = "<group>"; };
		AE4E6E261B0B89A0001B8AF3 /* Base */ = {isa = PBXFileReference; lastKnownFileType = file.xib; name = Base; path = Base.lproj/LaunchScreen.xib; sourceTree = "<group>"; };
		AE4E6E2C1B0B89A0001B8AF3 /* Project XTests.xctest */ = {isa = PBXFileReference; explicitFileType = wrapper.cfbundle; includeInIndex = 0; path = "Project XTests.xctest"; sourceTree = BUILT_PRODUCTS_DIR; };
		AE4E6E311B0B89A0001B8AF3 /* Info.plist */ = {isa = PBXFileReference; lastKnownFileType = text.plist.xml; path = Info.plist; sourceTree = "<group>"; };
		AE4E6E321B0B89A0001B8AF3 /* Project_XTests.m */ = {isa = PBXFileReference; lastKnownFileType = sourcecode.c.objc; path = Project_XTests.m; sourceTree = "<group>"; };
		AE4E6E3C1B0B8BB6001B8AF3 /* UIViewPlus.h */ = {isa = PBXFileReference; fileEncoding = 4; lastKnownFileType = sourcecode.c.h; path = UIViewPlus.h; sourceTree = "<group>"; };
		AE4E6E3D1B0B8BB6001B8AF3 /* UIViewPlus.m */ = {isa = PBXFileReference; fileEncoding = 4; lastKnownFileType = sourcecode.c.objc; path = UIViewPlus.m; sourceTree = "<group>"; };
/* End PBXFileReference section */

/* Begin PBXFrameworksBuildPhase section */
		AE4E6E101B0B89A0001B8AF3 /* Frameworks */ = {
			isa = PBXFrameworksBuildPhase;
			buildActionMask = 2147483647;
			files = (
			);
			runOnlyForDeploymentPostprocessing = 0;
		};
		AE4E6E291B0B89A0001B8AF3 /* Frameworks */ = {
			isa = PBXFrameworksBuildPhase;
			buildActionMask = 2147483647;
			files = (
			);
			runOnlyForDeploymentPostprocessing = 0;
		};
/* End PBXFrameworksBuildPhase section */

/* Begin PBXGroup section */
		AE4E6E0A1B0B89A0001B8AF3 = {
			isa = PBXGroup;
			children = (
				AE4E6E151B0B89A0001B8AF3 /* Project X */,
				AE4E6E2F1B0B89A0001B8AF3 /* Project XTests */,
				AE4E6E141B0B89A0001B8AF3 /* Products */,
			);
			sourceTree = "<group>";
		};
		AE4E6E141B0B89A0001B8AF3 /* Products */ = {
			isa = PBXGroup;
			children = (
				AE4E6E131B0B89A0001B8AF3 /* Project X.app */,
				AE4E6E2C1B0B89A0001B8AF3 /* Project XTests.xctest */,
			);
			name = Products;
			sourceTree = "<group>";
		};
		AE4E6E151B0B89A0001B8AF3 /* Project X */ = {
			isa = PBXGroup;
			children = (
				AE4E6E1A1B0B89A0001B8AF3 /* AppDelegate.h */,
				AE4E6E1B1B0B89A0001B8AF3 /* AppDelegate.m */,
				AE4E6E1D1B0B89A0001B8AF3 /* ViewController.h */,
				AE4E6E1E1B0B89A0001B8AF3 /* ViewController.m */,
				AE4E6E3C1B0B8BB6001B8AF3 /* UIViewPlus.h */,
				AE4E6E3D1B0B8BB6001B8AF3 /* UIViewPlus.m */,
				AE4E6E201B0B89A0001B8AF3 /* Main.storyboard */,
				AE4E6E231B0B89A0001B8AF3 /* Images.xcassets */,
				AE4E6E251B0B89A0001B8AF3 /* LaunchScreen.xib */,
				AE4E6E161B0B89A0001B8AF3 /* Supporting Files */,
			);
			path = "Project X";
			sourceTree = "<group>";
		};
		AE4E6E161B0B89A0001B8AF3 /* Supporting Files */ = {
			isa = PBXGroup;
			children = (
				AE4E6E171B0B89A0001B8AF3 /* Info.plist */,
				AE4E6E181B0B89A0001B8AF3 /* main.m */,
			);
			name = "Supporting Files";
			sourceTree = "<group>";
		};
		AE4E6E2F1B0B89A0001B8AF3 /* Project XTests */ = {
			isa = PBXGroup;
			children = (
				AE4E6E321B0B89A0001B8AF3 /* Project_XTests.m */,
				AE4E6E301B0B89A0001B8AF3 /* Supporting Files */,
			);
			path = "Project XTests";
			sourceTree = "<group>";
		};
		AE4E6E301B0B89A0001B8AF3 /* Supporting Files */ = {
			isa = PBXGroup;
			children = (
				AE4E6E311B0B89A0001B8AF3 /* Info.plist */,
			);
			name = "Supporting Files";
			sourceTree = "<group>";
		};
/* End PBXGroup section */

/* Begin PBXNativeTarget section */
		AE4E6E121B0B89A0001B8AF3 /* Project X */ = {
			isa = PBXNativeTarget;
			buildConfigurationList = AE4E6E361B0B89A0001B8AF3 /* Build configuration list for PBXNativeTarget "Project X" */;
			buildPhases = (
				AE4E6E0F1B0B89A0001B8AF3 /* Sources */,
				AE4E6E101B0B89A0001B8AF3 /* Frameworks */,
				AE4E6E111B0B89A0001B8AF3 /* Resources */,
			);
			buildRules = (
			);
			dependencies = (
			);
			name = "Project X";
			productName = "Project X";
			productReference = AE4E6E131B0B89A0001B8AF3 /* Project X.app */;
			productType = "com.apple.product-type.application";
		};
		AE4E6E2B1B0B89A0001B8AF3 /* Project XTests */ = {
			isa = PBXNativeTarget;
			buildConfigurationList = AE4E6E391B0B89A0001B8AF3 /* Build configuration list for PBXNativeTarget "Project XTests" */;
			buildPhases = (
				AE4E6E281B0B89A0001B8AF3 /* Sources */,
				AE4E6E291B0B89A0001B8AF3 /* Frameworks */,
				AE4E6E2A1B0B89A0001B8AF3 /* Resources */,
			);
			buildRules = (
			);
			dependencies = (
				AE4E6E2E1B0B89A0001B8AF3 /* PBXTargetDependency */,
			);
			name = "Project XTests";
			productName = "Project XTests";
			productReference = AE4E6E2C1B0B89A0001B8AF3 /* Project XTests.xctest */;
			productType = "com.apple.product-type.bundle.unit-test";
		};
/* End PBXNativeTarget section */

/* Begin PBXProject section */
		AE4E6E0B1B0B89A0001B8AF3 /* Project object */ = {
			isa = PBXProject;
			attributes = {
				LastUpgradeCheck = 0630;
				ORGANIZATIONNAME = WDPR;
				TargetAttributes = {
					AE4E6E121B0B89A0001B8AF3 = {
						CreatedOnToolsVersion = 6.3.1;
					};
					AE4E6E2B1B0B89A0001B8AF3 = {
						CreatedOnToolsVersion = 6.3.1;
						TestTargetID = AE4E6E121B0B89A0001B8AF3;
					};
				};
			};
			buildConfigurationList = AE4E6E0E1B0B89A0001B8AF3 /* Build configuration list for PBXProject "Project X" */;
			compatibilityVersion = "Xcode 3.2";
			developmentRegion = English;
			hasScannedForEncodings = 0;
			knownRegions = (
				en,
				Base,
			);
			mainGroup = AE4E6E0A1B0B89A0001B8AF3;
			productRefGroup = AE4E6E141B0B89A0001B8AF3 /* Products */;
			projectDirPath = "";
			projectRoot = "";
			targets = (
				AE4E6E121B0B89A0001B8AF3 /* Project X */,
				AE4E6E2B1B0B89A0001B8AF3 /* Project XTests */,
			);
		};
/* End PBXProject section */

/* Begin PBXResourcesBuildPhase section */
		AE4E6E111B0B89A0001B8AF3 /* Resources */ = {
			isa = PBXResourcesBuildPhase;
			buildActionMask = 2147483647;
			files = (
				AE4E6E221B0B89A0001B8AF3 /* Main.storyboard in Resources */,
				AE4E6E271B0B89A0001B8AF3 /* LaunchScreen.xib in Resources */,
				AE4E6E241B0B89A0001B8AF3 /* Images.xcassets in Resources */,
			);
			runOnlyForDeploymentPostprocessing = 0;
		};
		AE4E6E2A1B0B89A0001B8AF3 /* Resources */ = {
			isa = PBXResourcesBuildPhase;
			buildActionMask = 2147483647;
			files = (
			);
			runOnlyForDeploymentPostprocessing = 0;
		};
/* End PBXResourcesBuildPhase section */

/* Begin PBXSourcesBuildPhase section */
		AE4E6E0F1B0B89A0001B8AF3 /* Sources */ = {
			isa = PBXSourcesBuildPhase;
			buildActionMask = 2147483647;
			files = (
				AE4E6E3E1B0B8BB6001B8AF3 /* UIViewPlus.m in Sources */,
				AE4E6E1F1B0B89A0001B8AF3 /* ViewController.m in Sources */,
				AE4E6E1C1B0B89A0001B8AF3 /* AppDelegate.m in Sources */,
				AE4E6E191B0B89A0001B8AF3 /* main.m in Sources */,
			);
			runOnlyForDeploymentPostprocessing = 0;
		};
		AE4E6E281B0B89A0001B8AF3 /* Sources */ = {
			isa = PBXSourcesBuildPhase;
			buildActionMask = 2147483647;
			files = (
				AE4E6E331B0B89A0001B8AF3 /* Project_XTests.m in Sources */,
			);
			runOnlyForDeploymentPostprocessing = 0;
		};
/* End PBXSourcesBuildPhase section */

/* Begin PBXTargetDependency section */
		AE4E6E2E1B0B89A0001B8AF3 /* PBXTargetDependency */ = {
			isa = PBXTargetDependency;
			target = AE4E6E121B0B89A0001B8AF3 /* Project X */;
			targetProxy = AE4E6E2D1B0B89A0001B8AF3 /* PBXContainerItemProxy */;
		};
/* End PBXTargetDependency section */

/* Begin PBXVariantGroup section */
		AE4E6E201B0B89A0001B8AF3 /* Main.storyboard */ = {
			isa = PBXVariantGroup;
			children = (
				AE4E6E211B0B89A0001B8AF3 /* Base */,
			);
			name = Main.storyboard;
			sourceTree = "<group>";
		};
		AE4E6E251B0B89A0001B8AF3 /* LaunchScreen.xib */ = {
			isa = PBXVariantGroup;
			children = (
				AE4E6E261B0B89A0001B8AF3 /* Base */,
			);
			name = LaunchScreen.xib;
			sourceTree = "<group>";
		};
/* End PBXVariantGroup section */

/* Begin XCBuildConfiguration section */
		AE4E6E341B0B89A0001B8AF3 /* Debug */ = {
			isa = XCBuildConfiguration;
			buildSettings = {
				ALWAYS_SEARCH_USER_PATHS = NO;
				CLANG_CXX_LANGUAGE_STANDARD = "gnu++0x";
				CLANG_CXX_LIBRARY = "libc++";
				CLANG_ENABLE_MODULES = YES;
				CLANG_ENABLE_OBJC_ARC = YES;
				CLANG_WARN_BOOL_CONVERSION = YES;
				CLANG_WARN_CONSTANT_CONVERSION = YES;
				CLANG_WARN_DIRECT_OBJC_ISA_USAGE = YES_ERROR;
				CLANG_WARN_EMPTY_BODY = YES;
				CLANG_WARN_ENUM_CONVERSION = YES;
				CLANG_WARN_INT_CONVERSION = YES;
				CLANG_WARN_OBJC_ROOT_CLASS = YES_ERROR;
				CLANG_WARN_UNREACHABLE_CODE = YES;
				CLANG_WARN__DUPLICATE_METHOD_MATCH = YES;
				"CODE_SIGN_IDENTITY[sdk=iphoneos*]" = "iPhone Developer";
				COPY_PHASE_STRIP = NO;
				DEBUG_INFORMATION_FORMAT = "dwarf-with-dsym";
				ENABLE_STRICT_OBJC_MSGSEND = YES;
				GCC_C_LANGUAGE_STANDARD = gnu99;
				GCC_DYNAMIC_NO_PIC = NO;
				GCC_NO_COMMON_BLOCKS = YES;
				GCC_OPTIMIZATION_LEVEL = 0;
				GCC_PREPROCESSOR_DEFINITIONS = (
					"DEBUG=1",
					"$(inherited)",
				);
				GCC_SYMBOLS_PRIVATE_EXTERN = NO;
				GCC_WARN_64_TO_32_BIT_CONVERSION = YES;
				GCC_WARN_ABOUT_RETURN_TYPE = YES_ERROR;
				GCC_WARN_UNDECLARED_SELECTOR = YES;
				GCC_WARN_UNINITIALIZED_AUTOS = YES_AGGRESSIVE;
				GCC_WARN_UNUSED_FUNCTION = YES;
				GCC_WARN_UNUSED_VARIABLE = YES;
				IPHONEOS_DEPLOYMENT_TARGET = 8.3;
				MTL_ENABLE_DEBUG_INFO = YES;
				ONLY_ACTIVE_ARCH = YES;
				SDKROOT = iphoneos;
				TARGETED_DEVICE_FAMILY = "1,2";
			};
			name = Debug;
		};
		AE4E6E351B0B89A0001B8AF3 /* Release */ = {
			isa = XCBuildConfiguration;
			buildSettings = {
				ALWAYS_SEARCH_USER_PATHS = NO;
				CLANG_CXX_LANGUAGE_STANDARD = "gnu++0x";
				CLANG_CXX_LIBRARY = "libc++";
				CLANG_ENABLE_MODULES = YES;
				CLANG_ENABLE_OBJC_ARC = YES;
				CLANG_WARN_BOOL_CONVERSION = YES;
				CLANG_WARN_CONSTANT_CONVERSION = YES;
				CLANG_WARN_DIRECT_OBJC_ISA_USAGE = YES_ERROR;
				CLANG_WARN_EMPTY_BODY = YES;
				CLANG_WARN_ENUM_CONVERSION = YES;
				CLANG_WARN_INT_CONVERSION = YES;
				CLANG_WARN_OBJC_ROOT_CLASS = YES_ERROR;
				CLANG_WARN_UNREACHABLE_CODE = YES;
				CLANG_WARN__DUPLICATE_METHOD_MATCH = YES;
				"CODE_SIGN_IDENTITY[sdk=iphoneos*]" = "iPhone Developer";
				COPY_PHASE_STRIP = NO;
				DEBUG_INFORMATION_FORMAT = "dwarf-with-dsym";
				ENABLE_NS_ASSERTIONS = NO;
				ENABLE_STRICT_OBJC_MSGSEND = YES;
				GCC_C_LANGUAGE_STANDARD = gnu99;
				GCC_NO_COMMON_BLOCKS = YES;
				GCC_WARN_64_TO_32_BIT_CONVERSION = YES;
				GCC_WARN_ABOUT_RETURN_TYPE = YES_ERROR;
				GCC_WARN_UNDECLARED_SELECTOR = YES;
				GCC_WARN_UNINITIALIZED_AUTOS = YES_AGGRESSIVE;
				GCC_WARN_UNUSED_FUNCTION = YES;
				GCC_WARN_UNUSED_VARIABLE = YES;
				IPHONEOS_DEPLOYMENT_TARGET = 8.3;
				MTL_ENABLE_DEBUG_INFO = NO;
				SDKROOT = iphoneos;
				TARGETED_DEVICE_FAMILY = "1,2";
				VALIDATE_PRODUCT = YES;
			};
			name = Release;
		};
		AE4E6E371B0B89A0001B8AF3 /* Debug */ = {
			isa = XCBuildConfiguration;
			buildSettings = {
				ASSETCATALOG_COMPILER_APPICON_NAME = AppIcon;
				INFOPLIST_FILE = "Project X/Info.plist";
				LD_RUNPATH_SEARCH_PATHS = "$(inherited) @executable_path/Frameworks";
				PRODUCT_NAME = "$(TARGET_NAME)";
			};
			name = Debug;
		};
		AE4E6E381B0B89A0001B8AF3 /* Release */ = {
			isa = XCBuildConfiguration;
			buildSettings = {
				ASSETCATALOG_COMPILER_APPICON_NAME = AppIcon;
				INFOPLIST_FILE = "Project X/Info.plist";
				LD_RUNPATH_SEARCH_PATHS = "$(inherited) @executable_path/Frameworks";
				PRODUCT_NAME = "$(TARGET_NAME)";
			};
			name = Release;
		};
		AE4E6E3A1B0B89A0001B8AF3 /* Debug */ = {
			isa = XCBuildConfiguration;
			buildSettings = {
				BUNDLE_LOADER = "$(TEST_HOST)";
				FRAMEWORK_SEARCH_PATHS = (
					"$(SDKROOT)/Developer/Library/Frameworks",
					"$(inherited)",
				);
				GCC_PREPROCESSOR_DEFINITIONS = (
					"DEBUG=1",
					"$(inherited)",
				);
				INFOPLIST_FILE = "Project XTests/Info.plist";
				LD_RUNPATH_SEARCH_PATHS = "$(inherited) @executable_path/Frameworks @loader_path/Frameworks";
				PRODUCT_NAME = "$(TARGET_NAME)";
				TEST_HOST = "$(BUILT_PRODUCTS_DIR)/Project X.app/Project X";
			};
			name = Debug;
		};
		AE4E6E3B1B0B89A0001B8AF3 /* Release */ = {
			isa = XCBuildConfiguration;
			buildSettings = {
				BUNDLE_LOADER = "$(TEST_HOST)";
				FRAMEWORK_SEARCH_PATHS = (
					"$(SDKROOT)/Developer/Library/Frameworks",
					"$(inherited)",
				);
				INFOPLIST_FILE = "Project XTests/Info.plist";
				LD_RUNPATH_SEARCH_PATHS = "$(inherited) @executable_path/Frameworks @loader_path/Frameworks";
				PRODUCT_NAME = "$(TARGET_NAME)";
				TEST_HOST = "$(BUILT_PRODUCTS_DIR)/Project X.app/Project X";
			};
			name = Release;
		};
/* End XCBuildConfiguration section */

/* Begin XCConfigurationList section */
		AE4E6E0E1B0B89A0001B8AF3 /* Build configuration list for PBXProject "Project X" */ = {
			isa = XCConfigurationList;
			buildConfigurations = (
				AE4E6E341B0B89A0001B8AF3 /* Debug */,
				AE4E6E351B0B89A0001B8AF3 /* Release */,
			);
			defaultConfigurationIsVisible = 0;
			defaultConfigurationName = Release;
		};
		AE4E6E361B0B89A0001B8AF3 /* Build configuration list for PBXNativeTarget "Project X" */ = {
			isa = XCConfigurationList;
			buildConfigurations = (
				AE4E6E371B0B89A0001B8AF3 /* Debug */,
				AE4E6E381B0B89A0001B8AF3 /* Release */,
			);
			defaultConfigurationIsVisible = 0;
		};
		AE4E6E391B0B89A0001B8AF3 /* Build configuration list for PBXNativeTarget "Project XTests" */ = {
			isa = XCConfigurationList;
			buildConfigurations = (
				AE4E6E3A1B0B89A0001B8AF3 /* Debug */,
				AE4E6E3B1B0B89A0001B8AF3 /* Release */,
			);
			defaultConfigurationIsVisible = 0;
		};
/* End XCConfigurationList section */
	};
	rootObject = AE4E6E0B1B0B89A0001B8AF3 /* Project object */;
}
